schema: '2.0'
stages:
  build_splits:
    cmd: python steps/01_generate_splits.py
    deps:
    - path: data/
      hash: md5
      md5: 7d9df64b96918a415aeb8b0940f5e823.dir
      size: 46940923
      nfiles: 2935
    - path: dataset_info.csv
      hash: md5
      md5: a4250bd173f814c7ac76170733f63219
      size: 227377
    - path: steps/01_generate_splits.py
      hash: md5
      md5: 2da429b7af04c89a1ff2bc5d444847fb
      size: 6037
    outs:
    - path: dataset/
      hash: md5
      md5: 1d2ca6e71b593a2948b40253453466a8.dir
      size: 31815356
      nfiles: 2165
  train_model:
    cmd: python steps/02_train_model.py
    deps:
    - path: data/
      hash: md5
      md5: 7d9df64b96918a415aeb8b0940f5e823.dir
      size: 46940923
      nfiles: 2935
    - path: dataset/
      hash: md5
      md5: 6652d360d61fd084f6de46798b5d91ee.dir
      size: 31992752
      nfiles: 2167
    - path: steps/02_train_model.py
      hash: md5
      md5: baf229ad85b6f2fc7e78fcdce04c4ba9
      size: 9066
    outs:
    - path: training_info.json
      hash: md5
      md5: 581d26f1e849ffbca7f99dcc33ff4e4b
      size: 483
  log_model:
    cmd: python steps/03_log_model.py
    deps:
    - path: steps/03_log_model.py
      hash: md5
      md5: c8f442c13f399da67436f0cc42455fb7
      size: 9021
    - path: training_info.json
      hash: md5
      md5: 747f75798dcf997ea43282a9ab461e72
      size: 738
  promote_to_staging:
    cmd: python steps/04_promote_to_staging.py
    deps:
    - path: steps/04_promote_to_staging.py
      hash: md5
      md5: 8da11f48c4e27c33868dda479283d15b
      size: 8903
    - path: training_info.json
      hash: md5
      md5: 747f75798dcf997ea43282a9ab461e72
      size: 738
  validate_with_production:
    cmd: python steps/05_validate_with_production.py
    deps:
    - path: data/
      hash: md5
      md5: 7d9df64b96918a415aeb8b0940f5e823.dir
      size: 46940923
      nfiles: 2935
    - path: steps/05_validate_with_production.py
      hash: md5
      md5: 759d2f54129745f0cf7f1f8fe9fb03c8
      size: 12503
    - path: training_info.json
      hash: md5
      md5: 747f75798dcf997ea43282a9ab461e72
      size: 738
